
Microsoft Visual Studio Solution File, Format Version 12.00
# Visual Studio 14
VisualStudioVersion = 14.0.25420.1
MinimumVisualStudioVersion = 10.0.40219.1
Project("{FAE04EC0-301F-11D3-BF4B-00C04F79EFBC}") = "functions", "functions\functions.csproj", "{854C681F-1658-4691-A4CF-5DB97CD2633D}"
EndProject
Project("{FAE04EC0-301F-11D3-BF4B-00C04F79EFBC}") = "functions2", "functions2\functions2.csproj", "{E3B9F33E-CFF5-4902-9FD4-F60AD335439C}"
EndProject
Global
	GlobalSection(SolutionConfigurationPlatforms) = preSolution
		Debug|Any CPU = Debug|Any CPU
		Release|Any CPU = Release|Any CPU
	EndGlobalSection
	GlobalSection(ProjectConfigurationPlatforms) = postSolution
		{854C681F-1658-4691-A4CF-5DB97CD2633D}.Debug|Any CPU.ActiveCfg = Debug|Any CPU
		{854C681F-1658-4691-A4CF-5DB97CD2633D}.Debug|Any CPU.Build.0 = Debug|Any CPU
		{854C681F-1658-4691-A4CF-5DB97CD2633D}.Release|Any CPU.ActiveCfg = Release|Any CPU
		{854C681F-1658-4691-A4CF-5DB97CD2633D}.Release|Any CPU.Build.0 = Release|Any CPU
		{E3B9F33E-CFF5-4902-9FD4-F60AD335439C}.Debug|Any CPU.ActiveCfg = Debug|Any CPU
		{E3B9F33E-CFF5-4902-9FD4-F60AD335439C}.Debug|Any CPU.Build.0 = Debug|Any CPU
		{E3B9F33E-CFF5-4902-9FD4-F60AD335439C}.Release|Any CPU.ActiveCfg = Release|Any CPU
		{E3B9F33E-CFF5-4902-9FD4-F60AD335439C}.Release|Any CPU.Build.0 = Release|Any CPU
	EndGlobalSection
	GlobalSection(SolutionProperties) = preSolution
		HideSolutionNode = FALSE
	EndGlobalSection
EndGlobal
