
Microsoft Visual Studio Solution File, Format Version 12.00
# Visual Studio 14
VisualStudioVersion = 14.0.25420.1
MinimumVisualStudioVersion = 10.0.40219.1
Project("{FAE04EC0-301F-11D3-BF4B-00C04F79EFBC}") = "Odessa", "Odessa\Odessa.csproj", "{BD36E154-C418-4648-B887-37DF6EF884EA}"
EndProject
Project("{FAE04EC0-301F-11D3-BF4B-00C04F79EFBC}") = "director", "director\director.csproj", "{5D16A377-2F9B-45CB-B421-8297DF74B215}"
EndProject
Project("{FAE04EC0-301F-11D3-BF4B-00C04F79EFBC}") = "security", "security\security.csproj", "{7326FE43-9F4C-4276-8FF4-F43824FA9417}"
EndProject
Project("{FAE04EC0-301F-11D3-BF4B-00C04F79EFBC}") = "datatime", "datatime\datatime.csproj", "{E00C7416-6D26-4C14-B23C-5102050B8EB8}"
EndProject
Project("{FAE04EC0-301F-11D3-BF4B-00C04F79EFBC}") = "structure", "structure\structure.csproj", "{C8658419-0A7D-4950-B59B-F6F48C29726B}"
EndProject
Project("{FAE04EC0-301F-11D3-BF4B-00C04F79EFBC}") = "dictionary", "dictionary\dictionary.csproj", "{CA985B5D-726E-4C04-B4AB-5499429EB2B4}"
EndProject
Global
	GlobalSection(SolutionConfigurationPlatforms) = preSolution
		Debug|Any CPU = Debug|Any CPU
		Release|Any CPU = Release|Any CPU
	EndGlobalSection
	GlobalSection(ProjectConfigurationPlatforms) = postSolution
		{BD36E154-C418-4648-B887-37DF6EF884EA}.Debug|Any CPU.ActiveCfg = Debug|Any CPU
		{BD36E154-C418-4648-B887-37DF6EF884EA}.Debug|Any CPU.Build.0 = Debug|Any CPU
		{BD36E154-C418-4648-B887-37DF6EF884EA}.Release|Any CPU.ActiveCfg = Release|Any CPU
		{BD36E154-C418-4648-B887-37DF6EF884EA}.Release|Any CPU.Build.0 = Release|Any CPU
		{5D16A377-2F9B-45CB-B421-8297DF74B215}.Debug|Any CPU.ActiveCfg = Debug|Any CPU
		{5D16A377-2F9B-45CB-B421-8297DF74B215}.Debug|Any CPU.Build.0 = Debug|Any CPU
		{5D16A377-2F9B-45CB-B421-8297DF74B215}.Release|Any CPU.ActiveCfg = Release|Any CPU
		{5D16A377-2F9B-45CB-B421-8297DF74B215}.Release|Any CPU.Build.0 = Release|Any CPU
		{7326FE43-9F4C-4276-8FF4-F43824FA9417}.Debug|Any CPU.ActiveCfg = Debug|Any CPU
		{7326FE43-9F4C-4276-8FF4-F43824FA9417}.Debug|Any CPU.Build.0 = Debug|Any CPU
		{7326FE43-9F4C-4276-8FF4-F43824FA9417}.Release|Any CPU.ActiveCfg = Release|Any CPU
		{7326FE43-9F4C-4276-8FF4-F43824FA9417}.Release|Any CPU.Build.0 = Release|Any CPU
		{E00C7416-6D26-4C14-B23C-5102050B8EB8}.Debug|Any CPU.ActiveCfg = Debug|Any CPU
		{E00C7416-6D26-4C14-B23C-5102050B8EB8}.Debug|Any CPU.Build.0 = Debug|Any CPU
		{E00C7416-6D26-4C14-B23C-5102050B8EB8}.Release|Any CPU.ActiveCfg = Release|Any CPU
		{E00C7416-6D26-4C14-B23C-5102050B8EB8}.Release|Any CPU.Build.0 = Release|Any CPU
		{C8658419-0A7D-4950-B59B-F6F48C29726B}.Debug|Any CPU.ActiveCfg = Debug|Any CPU
		{C8658419-0A7D-4950-B59B-F6F48C29726B}.Debug|Any CPU.Build.0 = Debug|Any CPU
		{C8658419-0A7D-4950-B59B-F6F48C29726B}.Release|Any CPU.ActiveCfg = Release|Any CPU
		{C8658419-0A7D-4950-B59B-F6F48C29726B}.Release|Any CPU.Build.0 = Release|Any CPU
		{CA985B5D-726E-4C04-B4AB-5499429EB2B4}.Debug|Any CPU.ActiveCfg = Debug|Any CPU
		{CA985B5D-726E-4C04-B4AB-5499429EB2B4}.Debug|Any CPU.Build.0 = Debug|Any CPU
		{CA985B5D-726E-4C04-B4AB-5499429EB2B4}.Release|Any CPU.ActiveCfg = Release|Any CPU
		{CA985B5D-726E-4C04-B4AB-5499429EB2B4}.Release|Any CPU.Build.0 = Release|Any CPU
	EndGlobalSection
	GlobalSection(SolutionProperties) = preSolution
		HideSolutionNode = FALSE
	EndGlobalSection
EndGlobal
